
Microsoft Visual Studio Solution File, Format Version 12.00
# Visual Studio 15
VisualStudioVersion = 15.0.27703.2026
MinimumVisualStudioVersion = 10.0.40219.1
Project("{FAE04EC0-301F-11D3-BF4B-00C04F79EFBC}") = "Projeto0208", "Projeto0208\Projeto0208.csproj", "{F762B073-2DC5-436B-90B6-682102F6C26B}"
EndProject
Project("{FAE04EC0-301F-11D3-BF4B-00C04F79EFBC}") = "ProjetoOrientacaoObjeto", "ProjetoOrientacaoObjeto\ProjetoOrientacaoObjeto.csproj", "{ECFA0A23-6C16-4E2E-96DA-CA73C4546558}"
EndProject
Project("{FAE04EC0-301F-11D3-BF4B-00C04F79EFBC}") = "ProjetoWPF", "ProjetoWPF\ProjetoWPF.csproj", "{FDEF4FB2-20F5-4F3F-9E7A-536EA46B1FFB}"
EndProject
Project("{FAE04EC0-301F-11D3-BF4B-00C04F79EFBC}") = "CalculadoraWPF", "CalculadoraWPF\CalculadoraWPF.csproj", "{6179E492-D396-4B2C-9668-800DA618AEBA}"
EndProject
Project("{FAE04EC0-301F-11D3-BF4B-00C04F79EFBC}") = "InstEF", "InstEF\InstEF.csproj", "{992D5226-88EE-4C6F-9CC3-F258C6813508}"
EndProject
Global
	GlobalSection(SolutionConfigurationPlatforms) = preSolution
		Debug|Any CPU = Debug|Any CPU
		Release|Any CPU = Release|Any CPU
	EndGlobalSection
	GlobalSection(ProjectConfigurationPlatforms) = postSolution
		{F762B073-2DC5-436B-90B6-682102F6C26B}.Debug|Any CPU.ActiveCfg = Debug|Any CPU
		{F762B073-2DC5-436B-90B6-682102F6C26B}.Debug|Any CPU.Build.0 = Debug|Any CPU
		{F762B073-2DC5-436B-90B6-682102F6C26B}.Release|Any CPU.ActiveCfg = Release|Any CPU
		{F762B073-2DC5-436B-90B6-682102F6C26B}.Release|Any CPU.Build.0 = Release|Any CPU
		{ECFA0A23-6C16-4E2E-96DA-CA73C4546558}.Debug|Any CPU.ActiveCfg = Debug|Any CPU
		{ECFA0A23-6C16-4E2E-96DA-CA73C4546558}.Debug|Any CPU.Build.0 = Debug|Any CPU
		{ECFA0A23-6C16-4E2E-96DA-CA73C4546558}.Release|Any CPU.ActiveCfg = Release|Any CPU
		{ECFA0A23-6C16-4E2E-96DA-CA73C4546558}.Release|Any CPU.Build.0 = Release|Any CPU
		{FDEF4FB2-20F5-4F3F-9E7A-536EA46B1FFB}.Debug|Any CPU.ActiveCfg = Debug|Any CPU
		{FDEF4FB2-20F5-4F3F-9E7A-536EA46B1FFB}.Debug|Any CPU.Build.0 = Debug|Any CPU
		{FDEF4FB2-20F5-4F3F-9E7A-536EA46B1FFB}.Release|Any CPU.ActiveCfg = Release|Any CPU
		{FDEF4FB2-20F5-4F3F-9E7A-536EA46B1FFB}.Release|Any CPU.Build.0 = Release|Any CPU
		{6179E492-D396-4B2C-9668-800DA618AEBA}.Debug|Any CPU.ActiveCfg = Debug|Any CPU
		{6179E492-D396-4B2C-9668-800DA618AEBA}.Debug|Any CPU.Build.0 = Debug|Any CPU
		{6179E492-D396-4B2C-9668-800DA618AEBA}.Release|Any CPU.ActiveCfg = Release|Any CPU
		{6179E492-D396-4B2C-9668-800DA618AEBA}.Release|Any CPU.Build.0 = Release|Any CPU
		{992D5226-88EE-4C6F-9CC3-F258C6813508}.Debug|Any CPU.ActiveCfg = Debug|Any CPU
		{992D5226-88EE-4C6F-9CC3-F258C6813508}.Debug|Any CPU.Build.0 = Debug|Any CPU
		{992D5226-88EE-4C6F-9CC3-F258C6813508}.Release|Any CPU.ActiveCfg = Release|Any CPU
		{992D5226-88EE-4C6F-9CC3-F258C6813508}.Release|Any CPU.Build.0 = Release|Any CPU
	EndGlobalSection
	GlobalSection(SolutionProperties) = preSolution
		HideSolutionNode = FALSE
	EndGlobalSection
	GlobalSection(ExtensibilityGlobals) = postSolution
		SolutionGuid = {C30AB0A4-E50E-4564-B7B9-655CA697FC86}
	EndGlobalSection
EndGlobal
